
Microsoft Visual Studio Solution File, Format Version 12.00
# Visual Studio 2012
Project("{FAE04EC0-301F-11D3-BF4B-00C04F79EFBC}") = "Auremo", "Auremo\Auremo.csproj", "{A66C8C73-C398-4A88-85BE-47961EA9BCEC}"
EndProject
Global
	GlobalSection(SolutionConfigurationPlatforms) = preSolution
		Debug|Any CPU = Debug|Any CPU
		Release|Any CPU = Release|Any CPU
	EndGlobalSection
	GlobalSection(ProjectConfigurationPlatforms) = postSolution
		{A66C8C73-C398-4A88-85BE-47961EA9BCEC}.Debug|Any CPU.ActiveCfg = Debug|Any CPU
		{A66C8C73-C398-4A88-85BE-47961EA9BCEC}.Debug|Any CPU.Build.0 = Debug|Any CPU
		{A66C8C73-C398-4A88-85BE-47961EA9BCEC}.Release|Any CPU.ActiveCfg = Release|Any CPU
		{A66C8C73-C398-4A88-85BE-47961EA9BCEC}.Release|Any CPU.Build.0 = Release|Any CPU
	EndGlobalSection
	GlobalSection(SolutionProperties) = preSolution
		HideSolutionNode = FALSE
	EndGlobalSection
EndGlobal
